{
  "pins" : [
    {
      "identity" : "bigint",
      "kind" : "remoteSourceControl",
      "location" : "https://github.com/attaswift/BigInt.git",
      "state" : {
        "revision" : "0ed110f7555c34ff468e72e1686e59721f2b0da6",
        "version" : "5.3.0"
      }
    },
    {
      "identity" : "cryptoswift",
      "kind" : "remoteSourceControl",
      "location" : "https://github.com/krzyzanowskim/CryptoSwift.git",
      "state" : {
        "revision" : "32f641cf24fc7abc1c591a2025e9f2f572648b0f",
        "version" : "1.7.2"
      }
    },
    {
      "identity" : "web3swift",
      "kind" : "remoteSourceControl",
      "location" : "https://github.com/zhangliugang/web3swift.git",
      "state" : {
        "branch" : "userop",
        "revision" : "b65adc29130f93f5328032570f477ebb3ef43da4"
      }
    }
  ],
  "version" : 2
}
